
Microsoft Visual Studio Solution File, Format Version 12.00
Project("{FAE04EC0-301F-11D3-BF4B-00C04F79EFBC}") = "StayHome", "StayHome\StayHome.csproj", "{CF39AF29-9671-49AD-812B-A9F98413E1CB}"
EndProject
Project("{2150E333-8FDC-42A3-9474-1A3956D46DE8}") = "Src", "Src", "{C1E7BE0D-FD6E-4227-9E6B-CD8C3A329297}"
EndProject
Project("{2150E333-8FDC-42A3-9474-1A3956D46DE8}") = "Api", "Api", "{10844BA7-04B1-4BD2-9604-E104B669C411}"
EndProject
Project("{2150E333-8FDC-42A3-9474-1A3956D46DE8}") = "Core", "Core", "{35362E0D-945C-4333-BF66-6086ADBD3713}"
EndProject
Project("{2150E333-8FDC-42A3-9474-1A3956D46DE8}") = "External", "External", "{83404451-B493-4BE0-B279-B229DFC4FAC3}"
EndProject
Project("{FAE04EC0-301F-11D3-BF4B-00C04F79EFBC}") = "StayHome.Application.Dashboard", "StayHome.Application.Dashboard\StayHome.Application.Dashboard.csproj", "{7F7FFF1D-3121-4F3E-9B93-C4899F2D243B}"
EndProject
Project("{FAE04EC0-301F-11D3-BF4B-00C04F79EFBC}") = "StayHome.Application.Mobile", "StayHome.Application.Mobile\StayHome.Application.Mobile.csproj", "{233D8DC2-EB96-447A-A7AC-FFF9469C727A}"
EndProject
Project("{FAE04EC0-301F-11D3-BF4B-00C04F79EFBC}") = "StayHome.Domain", "StayHome.Domain\StayHome.Domain.csproj", "{643681FD-B85D-4648-9309-91FE7AA7C579}"
EndProject
Project("{FAE04EC0-301F-11D3-BF4B-00C04F79EFBC}") = "StayHome.Infrastructure", "StayHome.Infrastructure\StayHome.Infrastructure.csproj", "{18D6B53A-52C9-45AD-9DEF-DF4F6D2CB93C}"
EndProject
Project("{FAE04EC0-301F-11D3-BF4B-00C04F79EFBC}") = "StayHome.Persistence", "StayHome.Persistence\StayHome.Persistence.csproj", "{220AFE2F-D9B3-474F-9AD5-BEE5CC757D54}"
EndProject
Project("{FAE04EC0-301F-11D3-BF4B-00C04F79EFBC}") = "StayHome.Contracts", "StayHome.Contracts\StayHome.Contracts.csproj", "{B632BC59-F079-4B05-B2C8-7C37A5EF75AF}"
EndProject
Global
	GlobalSection(SolutionConfigurationPlatforms) = preSolution
		Debug|Any CPU = Debug|Any CPU
		Release|Any CPU = Release|Any CPU
	EndGlobalSection
	GlobalSection(ProjectConfigurationPlatforms) = postSolution
		{CF39AF29-9671-49AD-812B-A9F98413E1CB}.Debug|Any CPU.ActiveCfg = Debug|Any CPU
		{CF39AF29-9671-49AD-812B-A9F98413E1CB}.Debug|Any CPU.Build.0 = Debug|Any CPU
		{CF39AF29-9671-49AD-812B-A9F98413E1CB}.Release|Any CPU.ActiveCfg = Release|Any CPU
		{CF39AF29-9671-49AD-812B-A9F98413E1CB}.Release|Any CPU.Build.0 = Release|Any CPU
		{7F7FFF1D-3121-4F3E-9B93-C4899F2D243B}.Debug|Any CPU.ActiveCfg = Debug|Any CPU
		{7F7FFF1D-3121-4F3E-9B93-C4899F2D243B}.Debug|Any CPU.Build.0 = Debug|Any CPU
		{7F7FFF1D-3121-4F3E-9B93-C4899F2D243B}.Release|Any CPU.ActiveCfg = Release|Any CPU
		{7F7FFF1D-3121-4F3E-9B93-C4899F2D243B}.Release|Any CPU.Build.0 = Release|Any CPU
		{233D8DC2-EB96-447A-A7AC-FFF9469C727A}.Debug|Any CPU.ActiveCfg = Debug|Any CPU
		{233D8DC2-EB96-447A-A7AC-FFF9469C727A}.Debug|Any CPU.Build.0 = Debug|Any CPU
		{233D8DC2-EB96-447A-A7AC-FFF9469C727A}.Release|Any CPU.ActiveCfg = Release|Any CPU
		{233D8DC2-EB96-447A-A7AC-FFF9469C727A}.Release|Any CPU.Build.0 = Release|Any CPU
		{643681FD-B85D-4648-9309-91FE7AA7C579}.Debug|Any CPU.ActiveCfg = Debug|Any CPU
		{643681FD-B85D-4648-9309-91FE7AA7C579}.Debug|Any CPU.Build.0 = Debug|Any CPU
		{643681FD-B85D-4648-9309-91FE7AA7C579}.Release|Any CPU.ActiveCfg = Release|Any CPU
		{643681FD-B85D-4648-9309-91FE7AA7C579}.Release|Any CPU.Build.0 = Release|Any CPU
		{18D6B53A-52C9-45AD-9DEF-DF4F6D2CB93C}.Debug|Any CPU.ActiveCfg = Debug|Any CPU
		{18D6B53A-52C9-45AD-9DEF-DF4F6D2CB93C}.Debug|Any CPU.Build.0 = Debug|Any CPU
		{18D6B53A-52C9-45AD-9DEF-DF4F6D2CB93C}.Release|Any CPU.ActiveCfg = Release|Any CPU
		{18D6B53A-52C9-45AD-9DEF-DF4F6D2CB93C}.Release|Any CPU.Build.0 = Release|Any CPU
		{220AFE2F-D9B3-474F-9AD5-BEE5CC757D54}.Debug|Any CPU.ActiveCfg = Debug|Any CPU
		{220AFE2F-D9B3-474F-9AD5-BEE5CC757D54}.Debug|Any CPU.Build.0 = Debug|Any CPU
		{220AFE2F-D9B3-474F-9AD5-BEE5CC757D54}.Release|Any CPU.ActiveCfg = Release|Any CPU
		{220AFE2F-D9B3-474F-9AD5-BEE5CC757D54}.Release|Any CPU.Build.0 = Release|Any CPU
		{B632BC59-F079-4B05-B2C8-7C37A5EF75AF}.Debug|Any CPU.ActiveCfg = Debug|Any CPU
		{B632BC59-F079-4B05-B2C8-7C37A5EF75AF}.Debug|Any CPU.Build.0 = Debug|Any CPU
		{B632BC59-F079-4B05-B2C8-7C37A5EF75AF}.Release|Any CPU.ActiveCfg = Release|Any CPU
		{B632BC59-F079-4B05-B2C8-7C37A5EF75AF}.Release|Any CPU.Build.0 = Release|Any CPU
	EndGlobalSection
	GlobalSection(NestedProjects) = preSolution
		{10844BA7-04B1-4BD2-9604-E104B669C411} = {C1E7BE0D-FD6E-4227-9E6B-CD8C3A329297}
		{35362E0D-945C-4333-BF66-6086ADBD3713} = {C1E7BE0D-FD6E-4227-9E6B-CD8C3A329297}
		{83404451-B493-4BE0-B279-B229DFC4FAC3} = {C1E7BE0D-FD6E-4227-9E6B-CD8C3A329297}
		{CF39AF29-9671-49AD-812B-A9F98413E1CB} = {10844BA7-04B1-4BD2-9604-E104B669C411}
		{7F7FFF1D-3121-4F3E-9B93-C4899F2D243B} = {35362E0D-945C-4333-BF66-6086ADBD3713}
		{233D8DC2-EB96-447A-A7AC-FFF9469C727A} = {35362E0D-945C-4333-BF66-6086ADBD3713}
		{643681FD-B85D-4648-9309-91FE7AA7C579} = {35362E0D-945C-4333-BF66-6086ADBD3713}
		{18D6B53A-52C9-45AD-9DEF-DF4F6D2CB93C} = {83404451-B493-4BE0-B279-B229DFC4FAC3}
		{220AFE2F-D9B3-474F-9AD5-BEE5CC757D54} = {83404451-B493-4BE0-B279-B229DFC4FAC3}
		{B632BC59-F079-4B05-B2C8-7C37A5EF75AF} = {83404451-B493-4BE0-B279-B229DFC4FAC3}
	EndGlobalSection
EndGlobal
